
Microsoft Visual Studio Solution File, Format Version 12.00
# Visual Studio 2012
Project("{FAE04EC0-301F-11D3-BF4B-00C04F79EFBC}") = "OnlineConsult", "OnlineConsult\OnlineConsult.csproj", "{46FF5D0A-6FEB-4FC9-8802-8D66D00EF91F}"
EndProject
Global
	GlobalSection(SolutionConfigurationPlatforms) = preSolution
		Debug|Any CPU = Debug|Any CPU
		Release|Any CPU = Release|Any CPU
	EndGlobalSection
	GlobalSection(ProjectConfigurationPlatforms) = postSolution
		{46FF5D0A-6FEB-4FC9-8802-8D66D00EF91F}.Debug|Any CPU.ActiveCfg = Debug|Any CPU
		{46FF5D0A-6FEB-4FC9-8802-8D66D00EF91F}.Debug|Any CPU.Build.0 = Debug|Any CPU
		{46FF5D0A-6FEB-4FC9-8802-8D66D00EF91F}.Release|Any CPU.ActiveCfg = Release|Any CPU
		{46FF5D0A-6FEB-4FC9-8802-8D66D00EF91F}.Release|Any CPU.Build.0 = Release|Any CPU
	EndGlobalSection
	GlobalSection(SolutionProperties) = preSolution
		HideSolutionNode = FALSE
	EndGlobalSection
EndGlobal
